// !$*UTF8*$!
{
	archiveVersion = 1;
	classes = {
	};
	objectVersion = 50;
	objects = {

/* Begin PBXBuildFile section */
		9C33BF3B255BB548001AC9C4 /* AppDelegate.swift in Sources */ = {isa = PBXBuildFile; fileRef = 9C33BF3A255BB548001AC9C4 /* AppDelegate.swift */; };
		9C33BF3D255BB548001AC9C4 /* SceneDelegate.swift in Sources */ = {isa = PBXBuildFile; fileRef = 9C33BF3C255BB548001AC9C4 /* SceneDelegate.swift */; };
		9C33BF3F255BB548001AC9C4 /* ViewController.swift in Sources */ = {isa = PBXBuildFile; fileRef = 9C33BF3E255BB548001AC9C4 /* ViewController.swift */; };
		9C33BF42255BB548001AC9C4 /* Main.storyboard in Resources */ = {isa = PBXBuildFile; fileRef = 9C33BF40255BB548001AC9C4 /* Main.storyboard */; };
		9C33BF44255BB54C001AC9C4 /* Assets.xcassets in Resources */ = {isa = PBXBuildFile; fileRef = 9C33BF43255BB54C001AC9C4 /* Assets.xcassets */; };
		9C33BF47255BB54C001AC9C4 /* LaunchScreen.storyboard in Resources */ = {isa = PBXBuildFile; fileRef = 9C33BF45255BB54C001AC9C4 /* LaunchScreen.storyboard */; };
		9C33BF52255BB54D001AC9C4 /* _02_GachaTests.swift in Sources */ = {isa = PBXBuildFile; fileRef = 9C33BF51255BB54D001AC9C4 /* _02_GachaTests.swift */; };
		9C33BF5D255BB54D001AC9C4 /* _02_GachaUITests.swift in Sources */ = {isa = PBXBuildFile; fileRef = 9C33BF5C255BB54D001AC9C4 /* _02_GachaUITests.swift */; };
		9C6DDD6F255BE69D00D09E71 /* bg_blue@2x.png in Resources */ = {isa = PBXBuildFile; fileRef = 9C6DDD60255BE69D00D09E71 /* bg_blue@2x.png */; };
		9C6DDD70255BE69D00D09E71 /* bg_gold@2x.png in Resources */ = {isa = PBXBuildFile; fileRef = 9C6DDD61255BE69D00D09E71 /* bg_gold@2x.png */; };
		9C6DDD71255BE69D00D09E71 /* gacha@2x.png in Resources */ = {isa = PBXBuildFile; fileRef = 9C6DDD62255BE69D00D09E71 /* gacha@2x.png */; };
		9C6DDD72255BE69D00D09E71 /* bg_red@2x.png in Resources */ = {isa = PBXBuildFile; fileRef = 9C6DDD63255BE69D00D09E71 /* bg_red@2x.png */; };
		9C6DDD73255BE69D00D09E71 /* monster005.png in Resources */ = {isa = PBXBuildFile; fileRef = 9C6DDD65255BE69D00D09E71 /* monster005.png */; };
		9C6DDD74255BE69D00D09E71 /* monster010.png in Resources */ = {isa = PBXBuildFile; fileRef = 9C6DDD66255BE69D00D09E71 /* monster010.png */; };
		9C6DDD75255BE69D00D09E71 /* monster004.png in Resources */ = {isa = PBXBuildFile; fileRef = 9C6DDD67255BE69D00D09E71 /* monster004.png */; };
		9C6DDD76255BE69D00D09E71 /* monster006.png in Resources */ = {isa = PBXBuildFile; fileRef = 9C6DDD68255BE69D00D09E71 /* monster006.png */; };
		9C6DDD77255BE69D00D09E71 /* monster007.png in Resources */ = {isa = PBXBuildFile; fileRef = 9C6DDD69255BE69D00D09E71 /* monster007.png */; };
		9C6DDD78255BE69D00D09E71 /* monster003.png in Resources */ = {isa = PBXBuildFile; fileRef = 9C6DDD6A255BE69D00D09E71 /* monster003.png */; };
		9C6DDD79255BE69D00D09E71 /* monster002.png in Resources */ = {isa = PBXBuildFile; fileRef = 9C6DDD6B255BE69D00D09E71 /* monster002.png */; };
		9C6DDD7A255BE69D00D09E71 /* monster001.png in Resources */ = {isa = PBXBuildFile; fileRef = 9C6DDD6C255BE69D00D09E71 /* monster001.png */; };
		9C6DDD7B255BE69D00D09E71 /* monster009.png in Resources */ = {isa = PBXBuildFile; fileRef = 9C6DDD6D255BE69D00D09E71 /* monster009.png */; };
		9C6DDD7C255BE69D00D09E71 /* monster008.png in Resources */ = {isa = PBXBuildFile; fileRef = 9C6DDD6E255BE69D00D09E71 /* monster008.png */; };
		9C6DDD81255BF90500D09E71 /* resultViewController.swift in Sources */ = {isa = PBXBuildFile; fileRef = 9C6DDD80255BF90500D09E71 /* resultViewController.swift */; };
/* End PBXBuildFile section */

/* Begin PBXContainerItemProxy section */
		9C33BF4E255BB54C001AC9C4 /* PBXContainerItemProxy */ = {
			isa = PBXContainerItemProxy;
			containerPortal = 9C33BF2F255BB547001AC9C4 /* Project object */;
			proxyType = 1;
			remoteGlobalIDString = 9C33BF36255BB547001AC9C4;
			remoteInfo = 002_Gacha;
		};
		9C33BF59255BB54D001AC9C4 /* PBXContainerItemProxy */ = {
			isa = PBXContainerItemProxy;
			containerPortal = 9C33BF2F255BB547001AC9C4 /* Project object */;
			proxyType = 1;
			remoteGlobalIDString = 9C33BF36255BB547001AC9C4;
			remoteInfo = 002_Gacha;
		};
/* End PBXContainerItemProxy section */

/* Begin PBXFileReference section */
		9C33BF37255BB548001AC9C4 /* 002_Gacha.app */ = {isa = PBXFileReference; explicitFileType = wrapper.application; includeInIndex = 0; path = 002_Gacha.app; sourceTree = BUILT_PRODUCTS_DIR; };
		9C33BF3A255BB548001AC9C4 /* AppDelegate.swift */ = {isa = PBXFileReference; lastKnownFileType = sourcecode.swift; path = AppDelegate.swift; sourceTree = "<group>"; };
		9C33BF3C255BB548001AC9C4 /* SceneDelegate.swift */ = {isa = PBXFileReference; lastKnownFileType = sourcecode.swift; path = SceneDelegate.swift; sourceTree = "<group>"; };
		9C33BF3E255BB548001AC9C4 /* ViewController.swift */ = {isa = PBXFileReference; lastKnownFileType = sourcecode.swift; path = ViewController.swift; sourceTree = "<group>"; };
		9C33BF41255BB548001AC9C4 /* Base */ = {isa = PBXFileReference; lastKnownFileType = file.storyboard; name = Base; path = Base.lproj/Main.storyboard; sourceTree = "<group>"; };
		9C33BF43255BB54C001AC9C4 /* Assets.xcassets */ = {isa = PBXFileReference; lastKnownFileType = folder.assetcatalog; path = Assets.xcassets; sourceTree = "<group>"; };
		9C33BF46255BB54C001AC9C4 /* Base */ = {isa = PBXFileReference; lastKnownFileType = file.storyboard; name = Base; path = Base.lproj/LaunchScreen.storyboard; sourceTree = "<group>"; };
		9C33BF48255BB54C001AC9C4 /* Info.plist */ = {isa = PBXFileReference; lastKnownFileType = text.plist.xml; path = Info.plist; sourceTree = "<group>"; };
		9C33BF4D255BB54C001AC9C4 /* 002_GachaTests.xctest */ = {isa = PBXFileReference; explicitFileType = wrapper.cfbundle; includeInIndex = 0; path = 002_GachaTests.xctest; sourceTree = BUILT_PRODUCTS_DIR; };
		9C33BF51255BB54D001AC9C4 /* _02_GachaTests.swift */ = {isa = PBXFileReference; lastKnownFileType = sourcecode.swift; path = _02_GachaTests.swift; sourceTree = "<group>"; };
		9C33BF53255BB54D001AC9C4 /* Info.plist */ = {isa = PBXFileReference; lastKnownFileType = text.plist.xml; path = Info.plist; sourceTree = "<group>"; };
		9C33BF58255BB54D001AC9C4 /* 002_GachaUITests.xctest */ = {isa = PBXFileReference; explicitFileType = wrapper.cfbundle; includeInIndex = 0; path = 002_GachaUITests.xctest; sourceTree = BUILT_PRODUCTS_DIR; };
		9C33BF5C255BB54D001AC9C4 /* _02_GachaUITests.swift */ = {isa = PBXFileReference; lastKnownFileType = sourcecode.swift; path = _02_GachaUITests.swift; sourceTree = "<group>"; };
		9C33BF5E255BB54D001AC9C4 /* Info.plist */ = {isa = PBXFileReference; lastKnownFileType = text.plist.xml; path = Info.plist; sourceTree = "<group>"; };
		9C6DDD60255BE69D00D09E71 /* bg_blue@2x.png */ = {isa = PBXFileReference; lastKnownFileType = image.png; path = "bg_blue@2x.png"; sourceTree = "<group>"; };
		9C6DDD61255BE69D00D09E71 /* bg_gold@2x.png */ = {isa = PBXFileReference; lastKnownFileType = image.png; path = "bg_gold@2x.png"; sourceTree = "<group>"; };
		9C6DDD62255BE69D00D09E71 /* gacha@2x.png */ = {isa = PBXFileReference; lastKnownFileType = image.png; path = "gacha@2x.png"; sourceTree = "<group>"; };
		9C6DDD63255BE69D00D09E71 /* bg_red@2x.png */ = {isa = PBXFileReference; lastKnownFileType = image.png; path = "bg_red@2x.png"; sourceTree = "<group>"; };
		9C6DDD65255BE69D00D09E71 /* monster005.png */ = {isa = PBXFileReference; lastKnownFileType = image.png; path = monster005.png; sourceTree = "<group>"; };
		9C6DDD66255BE69D00D09E71 /* monster010.png */ = {isa = PBXFileReference; lastKnownFileType = image.png; path = monster010.png; sourceTree = "<group>"; };
		9C6DDD67255BE69D00D09E71 /* monster004.png */ = {isa = PBXFileReference; lastKnownFileType = image.png; path = monster004.png; sourceTree = "<group>"; };
		9C6DDD68255BE69D00D09E71 /* monster006.png */ = {isa = PBXFileReference; lastKnownFileType = image.png; path = monster006.png; sourceTree = "<group>"; };
		9C6DDD69255BE69D00D09E71 /* monster007.png */ = {isa = PBXFileReference; lastKnownFileType = image.png; path = monster007.png; sourceTree = "<group>"; };
		9C6DDD6A255BE69D00D09E71 /* monster003.png */ = {isa = PBXFileReference; lastKnownFileType = image.png; path = monster003.png; sourceTree = "<group>"; };
		9C6DDD6B255BE69D00D09E71 /* monster002.png */ = {isa = PBXFileReference; lastKnownFileType = image.png; path = monster002.png; sourceTree = "<group>"; };
		9C6DDD6C255BE69D00D09E71 /* monster001.png */ = {isa = PBXFileReference; lastKnownFileType = image.png; path = monster001.png; sourceTree = "<group>"; };
		9C6DDD6D255BE69D00D09E71 /* monster009.png */ = {isa = PBXFileReference; lastKnownFileType = image.png; path = monster009.png; sourceTree = "<group>"; };
		9C6DDD6E255BE69D00D09E71 /* monster008.png */ = {isa = PBXFileReference; lastKnownFileType = image.png; path = monster008.png; sourceTree = "<group>"; };
		9C6DDD80255BF90500D09E71 /* resultViewController.swift */ = {isa = PBXFileReference; lastKnownFileType = sourcecode.swift; path = resultViewController.swift; sourceTree = "<group>"; };
/* End PBXFileReference section */

/* Begin PBXFrameworksBuildPhase section */
		9C33BF34255BB547001AC9C4 /* Frameworks */ = {
			isa = PBXFrameworksBuildPhase;
			buildActionMask = 2147483647;
			files = (
			);
			runOnlyForDeploymentPostprocessing = 0;
		};
		9C33BF4A255BB54C001AC9C4 /* Frameworks */ = {
			isa = PBXFrameworksBuildPhase;
			buildActionMask = 2147483647;
			files = (
			);
			runOnlyForDeploymentPostprocessing = 0;
		};
		9C33BF55255BB54D001AC9C4 /* Frameworks */ = {
			isa = PBXFrameworksBuildPhase;
			buildActionMask = 2147483647;
			files = (
			);
			runOnlyForDeploymentPostprocessing = 0;
		};
/* End PBXFrameworksBuildPhase section */

/* Begin PBXGroup section */
		9C33BF2E255BB547001AC9C4 = {
			isa = PBXGroup;
			children = (
				9C33BF39255BB548001AC9C4 /* 002_Gacha */,
				9C33BF50255BB54D001AC9C4 /* 002_GachaTests */,
				9C33BF5B255BB54D001AC9C4 /* 002_GachaUITests */,
				9C33BF38255BB548001AC9C4 /* Products */,
			);
			sourceTree = "<group>";
		};
		9C33BF38255BB548001AC9C4 /* Products */ = {
			isa = PBXGroup;
			children = (
				9C33BF37255BB548001AC9C4 /* 002_Gacha.app */,
				9C33BF4D255BB54C001AC9C4 /* 002_GachaTests.xctest */,
				9C33BF58255BB54D001AC9C4 /* 002_GachaUITests.xctest */,
			);
			name = Products;
			sourceTree = "<group>";
		};
		9C33BF39255BB548001AC9C4 /* 002_Gacha */ = {
			isa = PBXGroup;
			children = (
				9C6DDD5E255BE69D00D09E71 /* GachaResources */,
				9C33BF3A255BB548001AC9C4 /* AppDelegate.swift */,
				9C33BF3C255BB548001AC9C4 /* SceneDelegate.swift */,
				9C33BF3E255BB548001AC9C4 /* ViewController.swift */,
				9C6DDD80255BF90500D09E71 /* resultViewController.swift */,
				9C33BF40255BB548001AC9C4 /* Main.storyboard */,
				9C33BF43255BB54C001AC9C4 /* Assets.xcassets */,
				9C33BF45255BB54C001AC9C4 /* LaunchScreen.storyboard */,
				9C33BF48255BB54C001AC9C4 /* Info.plist */,
			);
			path = 002_Gacha;
			sourceTree = "<group>";
		};
		9C33BF50255BB54D001AC9C4 /* 002_GachaTests */ = {
			isa = PBXGroup;
			children = (
				9C33BF51255BB54D001AC9C4 /* _02_GachaTests.swift */,
				9C33BF53255BB54D001AC9C4 /* Info.plist */,
			);
			path = 002_GachaTests;
			sourceTree = "<group>";
		};
		9C33BF5B255BB54D001AC9C4 /* 002_GachaUITests */ = {
			isa = PBXGroup;
			children = (
				9C33BF5C255BB54D001AC9C4 /* _02_GachaUITests.swift */,
				9C33BF5E255BB54D001AC9C4 /* Info.plist */,
			);
			path = 002_GachaUITests;
			sourceTree = "<group>";
		};
		9C6DDD5E255BE69D00D09E71 /* GachaResources */ = {
			isa = PBXGroup;
			children = (
				9C6DDD5F255BE69D00D09E71 /* background */,
				9C6DDD64255BE69D00D09E71 /* monster */,
			);
			path = GachaResources;
			sourceTree = "<group>";
		};
		9C6DDD5F255BE69D00D09E71 /* background */ = {
			isa = PBXGroup;
			children = (
				9C6DDD60255BE69D00D09E71 /* bg_blue@2x.png */,
				9C6DDD61255BE69D00D09E71 /* bg_gold@2x.png */,
				9C6DDD62255BE69D00D09E71 /* gacha@2x.png */,
				9C6DDD63255BE69D00D09E71 /* bg_red@2x.png */,
			);
			path = background;
			sourceTree = "<group>";
		};
		9C6DDD64255BE69D00D09E71 /* monster */ = {
			isa = PBXGroup;
			children = (
				9C6DDD65255BE69D00D09E71 /* monster005.png */,
				9C6DDD66255BE69D00D09E71 /* monster010.png */,
				9C6DDD67255BE69D00D09E71 /* monster004.png */,
				9C6DDD68255BE69D00D09E71 /* monster006.png */,
				9C6DDD69255BE69D00D09E71 /* monster007.png */,
				9C6DDD6A255BE69D00D09E71 /* monster003.png */,
				9C6DDD6B255BE69D00D09E71 /* monster002.png */,
				9C6DDD6C255BE69D00D09E71 /* monster001.png */,
				9C6DDD6D255BE69D00D09E71 /* monster009.png */,
				9C6DDD6E255BE69D00D09E71 /* monster008.png */,
			);
			path = monster;
			sourceTree = "<group>";
		};
/* End PBXGroup section */

/* Begin PBXNativeTarget section */
		9C33BF36255BB547001AC9C4 /* 002_Gacha */ = {
			isa = PBXNativeTarget;
			buildConfigurationList = 9C33BF61255BB54D001AC9C4 /* Build configuration list for PBXNativeTarget "002_Gacha" */;
			buildPhases = (
				9C33BF33255BB547001AC9C4 /* Sources */,
				9C33BF34255BB547001AC9C4 /* Frameworks */,
				9C33BF35255BB547001AC9C4 /* Resources */,
			);
			buildRules = (
			);
			dependencies = (
			);
			name = 002_Gacha;
			productName = 002_Gacha;
			productReference = 9C33BF37255BB548001AC9C4 /* 002_Gacha.app */;
			productType = "com.apple.product-type.application";
		};
		9C33BF4C255BB54C001AC9C4 /* 002_GachaTests */ = {
			isa = PBXNativeTarget;
			buildConfigurationList = 9C33BF64255BB54D001AC9C4 /* Build configuration list for PBXNativeTarget "002_GachaTests" */;
			buildPhases = (
				9C33BF49255BB54C001AC9C4 /* Sources */,
				9C33BF4A255BB54C001AC9C4 /* Frameworks */,
				9C33BF4B255BB54C001AC9C4 /* Resources */,
			);
			buildRules = (
			);
			dependencies = (
				9C33BF4F255BB54C001AC9C4 /* PBXTargetDependency */,
			);
			name = 002_GachaTests;
			productName = 002_GachaTests;
			productReference = 9C33BF4D255BB54C001AC9C4 /* 002_GachaTests.xctest */;
			productType = "com.apple.product-type.bundle.unit-test";
		};
		9C33BF57255BB54D001AC9C4 /* 002_GachaUITests */ = {
			isa = PBXNativeTarget;
			buildConfigurationList = 9C33BF67255BB54D001AC9C4 /* Build configuration list for PBXNativeTarget "002_GachaUITests" */;
			buildPhases = (
				9C33BF54255BB54D001AC9C4 /* Sources */,
				9C33BF55255BB54D001AC9C4 /* Frameworks */,
				9C33BF56255BB54D001AC9C4 /* Resources */,
			);
			buildRules = (
			);
			dependencies = (
				9C33BF5A255BB54D001AC9C4 /* PBXTargetDependency */,
			);
			name = 002_GachaUITests;
			productName = 002_GachaUITests;
			productReference = 9C33BF58255BB54D001AC9C4 /* 002_GachaUITests.xctest */;
			productType = "com.apple.product-type.bundle.ui-testing";
		};
/* End PBXNativeTarget section */

/* Begin PBXProject section */
		9C33BF2F255BB547001AC9C4 /* Project object */ = {
			isa = PBXProject;
			attributes = {
				LastSwiftUpdateCheck = 1210;
				LastUpgradeCheck = 1210;
				TargetAttributes = {
					9C33BF36255BB547001AC9C4 = {
						CreatedOnToolsVersion = 12.1;
					};
					9C33BF4C255BB54C001AC9C4 = {
						CreatedOnToolsVersion = 12.1;
						TestTargetID = 9C33BF36255BB547001AC9C4;
					};
					9C33BF57255BB54D001AC9C4 = {
						CreatedOnToolsVersion = 12.1;
						TestTargetID = 9C33BF36255BB547001AC9C4;
					};
				};
			};
			buildConfigurationList = 9C33BF32255BB547001AC9C4 /* Build configuration list for PBXProject "002_Gacha" */;
			compatibilityVersion = "Xcode 9.3";
			developmentRegion = en;
			hasScannedForEncodings = 0;
			knownRegions = (
				en,
				Base,
			);
			mainGroup = 9C33BF2E255BB547001AC9C4;
			productRefGroup = 9C33BF38255BB548001AC9C4 /* Products */;
			projectDirPath = "";
			projectRoot = "";
			targets = (
				9C33BF36255BB547001AC9C4 /* 002_Gacha */,
				9C33BF4C255BB54C001AC9C4 /* 002_GachaTests */,
				9C33BF57255BB54D001AC9C4 /* 002_GachaUITests */,
			);
		};
/* End PBXProject section */

/* Begin PBXResourcesBuildPhase section */
		9C33BF35255BB547001AC9C4 /* Resources */ = {
			isa = PBXResourcesBuildPhase;
			buildActionMask = 2147483647;
			files = (
				9C6DDD72255BE69D00D09E71 /* bg_red@2x.png in Resources */,
				9C33BF47255BB54C001AC9C4 /* LaunchScreen.storyboard in Resources */,
				9C6DDD7B255BE69D00D09E71 /* monster009.png in Resources */,
				9C6DDD70255BE69D00D09E71 /* bg_gold@2x.png in Resources */,
				9C6DDD78255BE69D00D09E71 /* monster003.png in Resources */,
				9C6DDD7A255BE69D00D09E71 /* monster001.png in Resources */,
				9C6DDD7C255BE69D00D09E71 /* monster008.png in Resources */,
				9C33BF44255BB54C001AC9C4 /* Assets.xcassets in Resources */,
				9C6DDD77255BE69D00D09E71 /* monster007.png in Resources */,
				9C6DDD71255BE69D00D09E71 /* gacha@2x.png in Resources */,
				9C6DDD79255BE69D00D09E71 /* monster002.png in Resources */,
				9C33BF42255BB548001AC9C4 /* Main.storyboard in Resources */,
				9C6DDD74255BE69D00D09E71 /* monster010.png in Resources */,
				9C6DDD76255BE69D00D09E71 /* monster006.png in Resources */,
				9C6DDD73255BE69D00D09E71 /* monster005.png in Resources */,
				9C6DDD6F255BE69D00D09E71 /* bg_blue@2x.png in Resources */,
				9C6DDD75255BE69D00D09E71 /* monster004.png in Resources */,
			);
			runOnlyForDeploymentPostprocessing = 0;
		};
		9C33BF4B255BB54C001AC9C4 /* Resources */ = {
			isa = PBXResourcesBuildPhase;
			buildActionMask = 2147483647;
			files = (
			);
			runOnlyForDeploymentPostprocessing = 0;
		};
		9C33BF56255BB54D001AC9C4 /* Resources */ = {
			isa = PBXResourcesBuildPhase;
			buildActionMask = 2147483647;
			files = (
			);
			runOnlyForDeploymentPostprocessing = 0;
		};
/* End PBXResourcesBuildPhase section */

/* Begin PBXSourcesBuildPhase section */
		9C33BF33255BB547001AC9C4 /* Sources */ = {
			isa = PBXSourcesBuildPhase;
			buildActionMask = 2147483647;
			files = (
				9C33BF3F255BB548001AC9C4 /* ViewController.swift in Sources */,
				9C33BF3B255BB548001AC9C4 /* AppDelegate.swift in Sources */,
				9C33BF3D255BB548001AC9C4 /* SceneDelegate.swift in Sources */,
				9C6DDD81255BF90500D09E71 /* resultViewController.swift in Sources */,
			);
			runOnlyForDeploymentPostprocessing = 0;
		};
		9C33BF49255BB54C001AC9C4 /* Sources */ = {
			isa = PBXSourcesBuildPhase;
			buildActionMask = 2147483647;
			files = (
				9C33BF52255BB54D001AC9C4 /* _02_GachaTests.swift in Sources */,
			);
			runOnlyForDeploymentPostprocessing = 0;
		};
		9C33BF54255BB54D001AC9C4 /* Sources */ = {
			isa = PBXSourcesBuildPhase;
			buildActionMask = 2147483647;
			files = (
				9C33BF5D255BB54D001AC9C4 /* _02_GachaUITests.swift in Sources */,
			);
			runOnlyForDeploymentPostprocessing = 0;
		};
/* End PBXSourcesBuildPhase section */

/* Begin PBXTargetDependency section */
		9C33BF4F255BB54C001AC9C4 /* PBXTargetDependency */ = {
			isa = PBXTargetDependency;
			target = 9C33BF36255BB547001AC9C4 /* 002_Gacha */;
			targetProxy = 9C33BF4E255BB54C001AC9C4 /* PBXContainerItemProxy */;
		};
		9C33BF5A255BB54D001AC9C4 /* PBXTargetDependency */ = {
			isa = PBXTargetDependency;
			target = 9C33BF36255BB547001AC9C4 /* 002_Gacha */;
			targetProxy = 9C33BF59255BB54D001AC9C4 /* PBXContainerItemProxy */;
		};
/* End PBXTargetDependency section */

/* Begin PBXVariantGroup section */
		9C33BF40255BB548001AC9C4 /* Main.storyboard */ = {
			isa = PBXVariantGroup;
			children = (
				9C33BF41255BB548001AC9C4 /* Base */,
			);
			name = Main.storyboard;
			sourceTree = "<group>";
		};
		9C33BF45255BB54C001AC9C4 /* LaunchScreen.storyboard */ = {
			isa = PBXVariantGroup;
			children = (
				9C33BF46255BB54C001AC9C4 /* Base */,
			);
			name = LaunchScreen.storyboard;
			sourceTree = "<group>";
		};
/* End PBXVariantGroup section */

/* Begin XCBuildConfiguration section */
		9C33BF5F255BB54D001AC9C4 /* Debug */ = {
			isa = XCBuildConfiguration;
			buildSettings = {
				ALWAYS_SEARCH_USER_PATHS = NO;
				CLANG_ANALYZER_NONNULL = YES;
				CLANG_ANALYZER_NUMBER_OBJECT_CONVERSION = YES_AGGRESSIVE;
				CLANG_CXX_LANGUAGE_STANDARD = "gnu++14";
				CLANG_CXX_LIBRARY = "libc++";
				CLANG_ENABLE_MODULES = YES;
				CLANG_ENABLE_OBJC_ARC = YES;
				CLANG_ENABLE_OBJC_WEAK = YES;
				CLANG_WARN_BLOCK_CAPTURE_AUTORELEASING = YES;
				CLANG_WARN_BOOL_CONVERSION = YES;
				CLANG_WARN_COMMA = YES;
				CLANG_WARN_CONSTANT_CONVERSION = YES;
				CLANG_WARN_DEPRECATED_OBJC_IMPLEMENTATIONS = YES;
				CLANG_WARN_DIRECT_OBJC_ISA_USAGE = YES_ERROR;
				CLANG_WARN_DOCUMENTATION_COMMENTS = YES;
				CLANG_WARN_EMPTY_BODY = YES;
				CLANG_WARN_ENUM_CONVERSION = YES;
				CLANG_WARN_INFINITE_RECURSION = YES;
				CLANG_WARN_INT_CONVERSION = YES;
				CLANG_WARN_NON_LITERAL_NULL_CONVERSION = YES;
				CLANG_WARN_OBJC_IMPLICIT_RETAIN_SELF = YES;
				CLANG_WARN_OBJC_LITERAL_CONVERSION = YES;
				CLANG_WARN_OBJC_ROOT_CLASS = YES_ERROR;
				CLANG_WARN_QUOTED_INCLUDE_IN_FRAMEWORK_HEADER = YES;
				CLANG_WARN_RANGE_LOOP_ANALYSIS = YES;
				CLANG_WARN_STRICT_PROTOTYPES = YES;
				CLANG_WARN_SUSPICIOUS_MOVE = YES;
				CLANG_WARN_UNGUARDED_AVAILABILITY = YES_AGGRESSIVE;
				CLANG_WARN_UNREACHABLE_CODE = YES;
				CLANG_WARN__DUPLICATE_METHOD_MATCH = YES;
				COPY_PHASE_STRIP = NO;
				DEBUG_INFORMATION_FORMAT = dwarf;
				ENABLE_STRICT_OBJC_MSGSEND = YES;
				ENABLE_TESTABILITY = YES;
				GCC_C_LANGUAGE_STANDARD = gnu11;
				GCC_DYNAMIC_NO_PIC = NO;
				GCC_NO_COMMON_BLOCKS = YES;
				GCC_OPTIMIZATION_LEVEL = 0;
				GCC_PREPROCESSOR_DEFINITIONS = (
					"DEBUG=1",
					"$(inherited)",
				);
				GCC_WARN_64_TO_32_BIT_CONVERSION = YES;
				GCC_WARN_ABOUT_RETURN_TYPE = YES_ERROR;
				GCC_WARN_UNDECLARED_SELECTOR = YES;
				GCC_WARN_UNINITIALIZED_AUTOS = YES_AGGRESSIVE;
				GCC_WARN_UNUSED_FUNCTION = YES;
				GCC_WARN_UNUSED_VARIABLE = YES;
				IPHONEOS_DEPLOYMENT_TARGET = 14.1;
				MTL_ENABLE_DEBUG_INFO = INCLUDE_SOURCE;
				MTL_FAST_MATH = YES;
				ONLY_ACTIVE_ARCH = YES;
				SDKROOT = iphoneos;
				SWIFT_ACTIVE_COMPILATION_CONDITIONS = DEBUG;
				SWIFT_OPTIMIZATION_LEVEL = "-Onone";
			};
			name = Debug;
		};
		9C33BF60255BB54D001AC9C4 /* Release */ = {
			isa = XCBuildConfiguration;
			buildSettings = {
				ALWAYS_SEARCH_USER_PATHS = NO;
				CLANG_ANALYZER_NONNULL = YES;
				CLANG_ANALYZER_NUMBER_OBJECT_CONVERSION = YES_AGGRESSIVE;
				CLANG_CXX_LANGUAGE_STANDARD = "gnu++14";
				CLANG_CXX_LIBRARY = "libc++";
				CLANG_ENABLE_MODULES = YES;
				CLANG_ENABLE_OBJC_ARC = YES;
				CLANG_ENABLE_OBJC_WEAK = YES;
				CLANG_WARN_BLOCK_CAPTURE_AUTORELEASING = YES;
				CLANG_WARN_BOOL_CONVERSION = YES;
				CLANG_WARN_COMMA = YES;
				CLANG_WARN_CONSTANT_CONVERSION = YES;
				CLANG_WARN_DEPRECATED_OBJC_IMPLEMENTATIONS = YES;
				CLANG_WARN_DIRECT_OBJC_ISA_USAGE = YES_ERROR;
				CLANG_WARN_DOCUMENTATION_COMMENTS = YES;
				CLANG_WARN_EMPTY_BODY = YES;
				CLANG_WARN_ENUM_CONVERSION = YES;
				CLANG_WARN_INFINITE_RECURSION = YES;
				CLANG_WARN_INT_CONVERSION = YES;
				CLANG_WARN_NON_LITERAL_NULL_CONVERSION = YES;
				CLANG_WARN_OBJC_IMPLICIT_RETAIN_SELF = YES;
				CLANG_WARN_OBJC_LITERAL_CONVERSION = YES;
				CLANG_WARN_OBJC_ROOT_CLASS = YES_ERROR;
				CLANG_WARN_QUOTED_INCLUDE_IN_FRAMEWORK_HEADER = YES;
				CLANG_WARN_RANGE_LOOP_ANALYSIS = YES;
				CLANG_WARN_STRICT_PROTOTYPES = YES;
				CLANG_WARN_SUSPICIOUS_MOVE = YES;
				CLANG_WARN_UNGUARDED_AVAILABILITY = YES_AGGRESSIVE;
				CLANG_WARN_UNREACHABLE_CODE = YES;
				CLANG_WARN__DUPLICATE_METHOD_MATCH = YES;
				COPY_PHASE_STRIP = NO;
				DEBUG_INFORMATION_FORMAT = "dwarf-with-dsym";
				ENABLE_NS_ASSERTIONS = NO;
				ENABLE_STRICT_OBJC_MSGSEND = YES;
				GCC_C_LANGUAGE_STANDARD = gnu11;
				GCC_NO_COMMON_BLOCKS = YES;
				GCC_WARN_64_TO_32_BIT_CONVERSION = YES;
				GCC_WARN_ABOUT_RETURN_TYPE = YES_ERROR;
				GCC_WARN_UNDECLARED_SELECTOR = YES;
				GCC_WARN_UNINITIALIZED_AUTOS = YES_AGGRESSIVE;
				GCC_WARN_UNUSED_FUNCTION = YES;
				GCC_WARN_UNUSED_VARIABLE = YES;
				IPHONEOS_DEPLOYMENT_TARGET = 14.1;
				MTL_ENABLE_DEBUG_INFO = NO;
				MTL_FAST_MATH = YES;
				SDKROOT = iphoneos;
				SWIFT_COMPILATION_MODE = wholemodule;
				SWIFT_OPTIMIZATION_LEVEL = "-O";
				VALIDATE_PRODUCT = YES;
			};
			name = Release;
		};
		9C33BF62255BB54D001AC9C4 /* Debug */ = {
			isa = XCBuildConfiguration;
			buildSettings = {
				ASSETCATALOG_COMPILER_APPICON_NAME = AppIcon;
				ASSETCATALOG_COMPILER_GLOBAL_ACCENT_COLOR_NAME = AccentColor;
				CODE_SIGN_STYLE = Automatic;
				DEVELOPMENT_TEAM = 83B85M254B;
				INFOPLIST_FILE = 002_Gacha/Info.plist;
				LD_RUNPATH_SEARCH_PATHS = (
					"$(inherited)",
					"@executable_path/Frameworks",
				);
				PRODUCT_BUNDLE_IDENTIFIER = "app.matsushima.mukku.-02-Gacha";
				PRODUCT_NAME = "$(TARGET_NAME)";
				SWIFT_VERSION = 5.0;
				TARGETED_DEVICE_FAMILY = "1,2";
			};
			name = Debug;
		};
		9C33BF63255BB54D001AC9C4 /* Release */ = {
			isa = XCBuildConfiguration;
			buildSettings = {
				ASSETCATALOG_COMPILER_APPICON_NAME = AppIcon;
				ASSETCATALOG_COMPILER_GLOBAL_ACCENT_COLOR_NAME = AccentColor;
				CODE_SIGN_STYLE = Automatic;
				DEVELOPMENT_TEAM = 83B85M254B;
				INFOPLIST_FILE = 002_Gacha/Info.plist;
				LD_RUNPATH_SEARCH_PATHS = (
					"$(inherited)",
					"@executable_path/Frameworks",
				);
				PRODUCT_BUNDLE_IDENTIFIER = "app.matsushima.mukku.-02-Gacha";
				PRODUCT_NAME = "$(TARGET_NAME)";
				SWIFT_VERSION = 5.0;
				TARGETED_DEVICE_FAMILY = "1,2";
			};
			name = Release;
		};
		9C33BF65255BB54D001AC9C4 /* Debug */ = {
			isa = XCBuildConfiguration;
			buildSettings = {
				ALWAYS_EMBED_SWIFT_STANDARD_LIBRARIES = YES;
				BUNDLE_LOADER = "$(TEST_HOST)";
				CODE_SIGN_STYLE = Automatic;
				DEVELOPMENT_TEAM = 83B85M254B;
				INFOPLIST_FILE = 002_GachaTests/Info.plist;
				IPHONEOS_DEPLOYMENT_TARGET = 14.1;
				LD_RUNPATH_SEARCH_PATHS = (
					"$(inherited)",
					"@executable_path/Frameworks",
					"@loader_path/Frameworks",
				);
				PRODUCT_BUNDLE_IDENTIFIER = "app.matsushima.mukku.-02-GachaTests";
				PRODUCT_NAME = "$(TARGET_NAME)";
				SWIFT_VERSION = 5.0;
				TARGETED_DEVICE_FAMILY = "1,2";
				TEST_HOST = "$(BUILT_PRODUCTS_DIR)/002_Gacha.app/002_Gacha";
			};
			name = Debug;
		};
		9C33BF66255BB54D001AC9C4 /* Release */ = {
			isa = XCBuildConfiguration;
			buildSettings = {
				ALWAYS_EMBED_SWIFT_STANDARD_LIBRARIES = YES;
				BUNDLE_LOADER = "$(TEST_HOST)";
				CODE_SIGN_STYLE = Automatic;
				DEVELOPMENT_TEAM = 83B85M254B;
				INFOPLIST_FILE = 002_GachaTests/Info.plist;
				IPHONEOS_DEPLOYMENT_TARGET = 14.1;
				LD_RUNPATH_SEARCH_PATHS = (
					"$(inherited)",
					"@executable_path/Frameworks",
					"@loader_path/Frameworks",
				);
				PRODUCT_BUNDLE_IDENTIFIER = "app.matsushima.mukku.-02-GachaTests";
				PRODUCT_NAME = "$(TARGET_NAME)";
				SWIFT_VERSION = 5.0;
				TARGETED_DEVICE_FAMILY = "1,2";
				TEST_HOST = "$(BUILT_PRODUCTS_DIR)/002_Gacha.app/002_Gacha";
			};
			name = Release;
		};
		9C33BF68255BB54D001AC9C4 /* Debug */ = {
			isa = XCBuildConfiguration;
			buildSettings = {
				ALWAYS_EMBED_SWIFT_STANDARD_LIBRARIES = YES;
				CODE_SIGN_STYLE = Automatic;
				DEVELOPMENT_TEAM = 83B85M254B;
				INFOPLIST_FILE = 002_GachaUITests/Info.plist;
				LD_RUNPATH_SEARCH_PATHS = (
					"$(inherited)",
					"@executable_path/Frameworks",
					"@loader_path/Frameworks",
				);
				PRODUCT_BUNDLE_IDENTIFIER = "app.matsushima.mukku.-02-GachaUITests";
				PRODUCT_NAME = "$(TARGET_NAME)";
				SWIFT_VERSION = 5.0;
				TARGETED_DEVICE_FAMILY = "1,2";
				TEST_TARGET_NAME = 002_Gacha;
			};
			name = Debug;
		};
		9C33BF69255BB54D001AC9C4 /* Release */ = {
			isa = XCBuildConfiguration;
			buildSettings = {
				ALWAYS_EMBED_SWIFT_STANDARD_LIBRARIES = YES;
				CODE_SIGN_STYLE = Automatic;
				DEVELOPMENT_TEAM = 83B85M254B;
				INFOPLIST_FILE = 002_GachaUITests/Info.plist;
				LD_RUNPATH_SEARCH_PATHS = (
					"$(inherited)",
					"@executable_path/Frameworks",
					"@loader_path/Frameworks",
				);
				PRODUCT_BUNDLE_IDENTIFIER = "app.matsushima.mukku.-02-GachaUITests";
				PRODUCT_NAME = "$(TARGET_NAME)";
				SWIFT_VERSION = 5.0;
				TARGETED_DEVICE_FAMILY = "1,2";
				TEST_TARGET_NAME = 002_Gacha;
			};
			name = Release;
		};
/* End XCBuildConfiguration section */

/* Begin XCConfigurationList section */
		9C33BF32255BB547001AC9C4 /* Build configuration list for PBXProject "002_Gacha" */ = {
			isa = XCConfigurationList;
			buildConfigurations = (
				9C33BF5F255BB54D001AC9C4 /* Debug */,
				9C33BF60255BB54D001AC9C4 /* Release */,
			);
			defaultConfigurationIsVisible = 0;
			defaultConfigurationName = Release;
		};
		9C33BF61255BB54D001AC9C4 /* Build configuration list for PBXNativeTarget "002_Gacha" */ = {
			isa = XCConfigurationList;
			buildConfigurations = (
				9C33BF62255BB54D001AC9C4 /* Debug */,
				9C33BF63255BB54D001AC9C4 /* Release */,
			);
			defaultConfigurationIsVisible = 0;
			defaultConfigurationName = Release;
		};
		9C33BF64255BB54D001AC9C4 /* Build configuration list for PBXNativeTarget "002_GachaTests" */ = {
			isa = XCConfigurationList;
			buildConfigurations = (
				9C33BF65255BB54D001AC9C4 /* Debug */,
				9C33BF66255BB54D001AC9C4 /* Release */,
			);
			defaultConfigurationIsVisible = 0;
			defaultConfigurationName = Release;
		};
		9C33BF67255BB54D001AC9C4 /* Build configuration list for PBXNativeTarget "002_GachaUITests" */ = {
			isa = XCConfigurationList;
			buildConfigurations = (
				9C33BF68255BB54D001AC9C4 /* Debug */,
				9C33BF69255BB54D001AC9C4 /* Release */,
			);
			defaultConfigurationIsVisible = 0;
			defaultConfigurationName = Release;
		};
/* End XCConfigurationList section */
	};
	rootObject = 9C33BF2F255BB547001AC9C4 /* Project object */;
}
